// !$*UTF8*$!
{
	archiveVersion = 1;
	classes = {
	};
	objectVersion = 55;
	objects = {

/* Begin PBXBuildFile section */
		2C0DBE562880099E004A933A /* SaveListViewController.swift in Sources */ = {isa = PBXBuildFile; fileRef = 2C0DBE552880099E004A933A /* SaveListViewController.swift */; };
		2C0DBE5828800A29004A933A /* SaveListCell.swift in Sources */ = {isa = PBXBuildFile; fileRef = 2C0DBE5728800A29004A933A /* SaveListCell.swift */; };
		2C0DBE5A28800B29004A933A /* MyEventView.swift in Sources */ = {isa = PBXBuildFile; fileRef = 2C0DBE5928800B29004A933A /* MyEventView.swift */; };
		2C0DBE5C28801484004A933A /* SaveListViewModel.swift in Sources */ = {isa = PBXBuildFile; fileRef = 2C0DBE5B28801484004A933A /* SaveListViewModel.swift */; };
		2C0DBE5E28813FC3004A933A /* NotiListVIewController.swift in Sources */ = {isa = PBXBuildFile; fileRef = 2C0DBE5D28813FC3004A933A /* NotiListVIewController.swift */; };
		2C0DBE60288140FD004A933A /* NotiListCell.swift in Sources */ = {isa = PBXBuildFile; fileRef = 2C0DBE5F288140FD004A933A /* NotiListCell.swift */; };
		2C0DBE6228814308004A933A /* NotiViewModel.swift in Sources */ = {isa = PBXBuildFile; fileRef = 2C0DBE6128814308004A933A /* NotiViewModel.swift */; };
		2C0DBE642881507A004A933A /* Notification.swift in Sources */ = {isa = PBXBuildFile; fileRef = 2C0DBE632881507A004A933A /* Notification.swift */; };
		2C0DBE662881591B004A933A /* NoticeAlertView.swift in Sources */ = {isa = PBXBuildFile; fileRef = 2C0DBE652881591B004A933A /* NoticeAlertView.swift */; };
		2C0DBE6828815CA6004A933A /* NoticeAlertViewController.swift in Sources */ = {isa = PBXBuildFile; fileRef = 2C0DBE6728815CA6004A933A /* NoticeAlertViewController.swift */; };
		2C0DBE6A288192E5004A933A /* BlockListViewController.swift in Sources */ = {isa = PBXBuildFile; fileRef = 2C0DBE69288192E5004A933A /* BlockListViewController.swift */; };
		2C0DBE6C2881A13E004A933A /* BlockListViewModel.swift in Sources */ = {isa = PBXBuildFile; fileRef = 2C0DBE6B2881A13E004A933A /* BlockListViewModel.swift */; };
		2C0DBE6E2881A158004A933A /* BlockListCell.swift in Sources */ = {isa = PBXBuildFile; fileRef = 2C0DBE6D2881A158004A933A /* BlockListCell.swift */; };
		2C0DBE702881AC5B004A933A /* Block.swift in Sources */ = {isa = PBXBuildFile; fileRef = 2C0DBE6F2881AC5B004A933A /* Block.swift */; };
		2C80F388286D997300ECAB60 /* MyPageViewModel.swift in Sources */ = {isa = PBXBuildFile; fileRef = 2C80F387286D997300ECAB60 /* MyPageViewModel.swift */; };
		2C80F38B286DA01600ECAB60 /* MyPageCell.swift in Sources */ = {isa = PBXBuildFile; fileRef = 2C80F38A286DA01500ECAB60 /* MyPageCell.swift */; };
		2C80F391286DE20000ECAB60 /* MyPageSectionView.swift in Sources */ = {isa = PBXBuildFile; fileRef = 2C80F390286DE20000ECAB60 /* MyPageSectionView.swift */; };
		2CB69D0B287443870089A922 /* MeInfo.swift in Sources */ = {isa = PBXBuildFile; fileRef = 2CB69D0A287443870089A922 /* MeInfo.swift */; };
		2CB69D0D287456C60089A922 /* ChangeViewController.swift in Sources */ = {isa = PBXBuildFile; fileRef = 2CB69D0C287456C60089A922 /* ChangeViewController.swift */; };
		2CB8AA302878384300BDA358 /* MyCommentViewController.swift in Sources */ = {isa = PBXBuildFile; fileRef = 2CB8AA2F2878384300BDA358 /* MyCommentViewController.swift */; };
		2CB8AA32287838EE00BDA358 /* MyEventCell.swift in Sources */ = {isa = PBXBuildFile; fileRef = 2CB8AA31287838EE00BDA358 /* MyEventCell.swift */; };
		2CB8AA3428787D3900BDA358 /* MyCommentViewModel.swift in Sources */ = {isa = PBXBuildFile; fileRef = 2CB8AA3328787D3900BDA358 /* MyCommentViewModel.swift */; };
		2CB8AAA6287E918500BDA358 /* BaseURL.swift in Sources */ = {isa = PBXBuildFile; fileRef = 2CB8AAA5287E918500BDA358 /* BaseURL.swift */; };
		2CB8AAA8287EA34400BDA358 /* MyEventViewController.swift in Sources */ = {isa = PBXBuildFile; fileRef = 2CB8AAA7287EA34400BDA358 /* MyEventViewController.swift */; };
		2CB8AAAA287EA7A200BDA358 /* MyEventViewModel.swift in Sources */ = {isa = PBXBuildFile; fileRef = 2CB8AAA9287EA7A200BDA358 /* MyEventViewModel.swift */; };
		2CB8AAAC287EAE5400BDA358 /* PrivacyPolicyViewController.swift in Sources */ = {isa = PBXBuildFile; fileRef = 2CB8AAAB287EAE5400BDA358 /* PrivacyPolicyViewController.swift */; };
		2CB8AAAE287EAEA700BDA358 /* PrivacyPolicyViewModel.swift in Sources */ = {isa = PBXBuildFile; fileRef = 2CB8AAAD287EAEA700BDA358 /* PrivacyPolicyViewModel.swift */; };
		2CB8AAB0287F1EDA00BDA358 /* Topic.swift in Sources */ = {isa = PBXBuildFile; fileRef = 2CB8AAAF287F1EDA00BDA358 /* Topic.swift */; };
		7616B813286B50A000935257 /* MyPageViewController.swift in Sources */ = {isa = PBXBuildFile; fileRef = 7616B812286B50A000935257 /* MyPageViewController.swift */; };
		764386642874021600375CE6 /* LoginManager.swift in Sources */ = {isa = PBXBuildFile; fileRef = 764386632874021600375CE6 /* LoginManager.swift */; };
		765BC9FD2868C00C0098BBF2 /* AppDelegate.swift in Sources */ = {isa = PBXBuildFile; fileRef = 765BC9FC2868C00C0098BBF2 /* AppDelegate.swift */; };
		765BC9FF2868C00C0098BBF2 /* SceneDelegate.swift in Sources */ = {isa = PBXBuildFile; fileRef = 765BC9FE2868C00C0098BBF2 /* SceneDelegate.swift */; };
		765BCA012868C00C0098BBF2 /* LaunchViewController.swift in Sources */ = {isa = PBXBuildFile; fileRef = 765BCA002868C00C0098BBF2 /* LaunchViewController.swift */; };
		765BCA042868C00C0098BBF2 /* Main.storyboard in Resources */ = {isa = PBXBuildFile; fileRef = 765BCA022868C00C0098BBF2 /* Main.storyboard */; };
		765BCA062868C0110098BBF2 /* Assets.xcassets in Resources */ = {isa = PBXBuildFile; fileRef = 765BCA052868C0110098BBF2 /* Assets.xcassets */; };
		765BCA092868C0110098BBF2 /* LaunchScreen.storyboard in Resources */ = {isa = PBXBuildFile; fileRef = 765BCA072868C0110098BBF2 /* LaunchScreen.storyboard */; };
		765BCA122868CA1B0098BBF2 /* LoginViewController.swift in Sources */ = {isa = PBXBuildFile; fileRef = 765BCA112868CA1B0098BBF2 /* LoginViewController.swift */; };
		765DCDB12868DBF800961EA8 /* HomeViewController.swift in Sources */ = {isa = PBXBuildFile; fileRef = 765DCDB02868DBF800961EA8 /* HomeViewController.swift */; };
		765DCDB32868DCD300961EA8 /* HomeView.swift in Sources */ = {isa = PBXBuildFile; fileRef = 765DCDB22868DCD300961EA8 /* HomeView.swift */; };
		766F384E2872FC3900EC9593 /* NewNoticeViewController.swift in Sources */ = {isa = PBXBuildFile; fileRef = 766F384B2872FC3900EC9593 /* NewNoticeViewController.swift */; };
		766F384F2872FC3900EC9593 /* NewNoticeCell.swift in Sources */ = {isa = PBXBuildFile; fileRef = 766F384C2872FC3900EC9593 /* NewNoticeCell.swift */; };
		766F38502872FC3900EC9593 /* NewNoticeViewModel.swift in Sources */ = {isa = PBXBuildFile; fileRef = 766F384D2872FC3900EC9593 /* NewNoticeViewModel.swift */; };
		766F38512872FDFF00EC9593 /* UlButton++Extensions.swift in Sources */ = {isa = PBXBuildFile; fileRef = 7681D5742869AD780081C644 /* UlButton++Extensions.swift */; };
		766F385328733E3200EC9593 /* LoginInfo.swift in Sources */ = {isa = PBXBuildFile; fileRef = 766F385228733E3200EC9593 /* LoginInfo.swift */; };
		7681D57028698EC60081C644 /* HomeCell.swift in Sources */ = {isa = PBXBuildFile; fileRef = 7681D56F28698EC60081C644 /* HomeCell.swift */; };
		7681D57A2869D2300081C644 /* Address.swift in Sources */ = {isa = PBXBuildFile; fileRef = 7681D5792869D2300081C644 /* Address.swift */; };
		7681D57D2869ECDF0081C644 /* Event.swift in Sources */ = {isa = PBXBuildFile; fileRef = 7681D57C2869ECDF0081C644 /* Event.swift */; };
		7681D5802869F1870081C644 /* HomeCellView.swift in Sources */ = {isa = PBXBuildFile; fileRef = 7681D57F2869F1870081C644 /* HomeCellView.swift */; };
		7681D5822869F46A0081C644 /* ServiceAPI.swift in Sources */ = {isa = PBXBuildFile; fileRef = 7681D5812869F46A0081C644 /* ServiceAPI.swift */; };
		7681D584286A09DD0081C644 /* EventDetailViewModel.swift in Sources */ = {isa = PBXBuildFile; fileRef = 7681D583286A09DD0081C644 /* EventDetailViewModel.swift */; };
		7681D58A286A29970081C644 /* DateFormatter.swift in Sources */ = {isa = PBXBuildFile; fileRef = 7681D589286A29970081C644 /* DateFormatter.swift */; };
		769AEB39287C25CE00C697FC /* CommentsViewController.swift in Sources */ = {isa = PBXBuildFile; fileRef = 769AEB38287C25CE00C697FC /* CommentsViewController.swift */; };
		769AEB3B287C267300C697FC /* CommentsView.swift in Sources */ = {isa = PBXBuildFile; fileRef = 769AEB3A287C267300C697FC /* CommentsView.swift */; };
		769AEB3D287C271E00C697FC /* Comment.swift in Sources */ = {isa = PBXBuildFile; fileRef = 769AEB3C287C271E00C697FC /* Comment.swift */; };
		769AEB3F287C4A1B00C697FC /* CommentsCell.swift in Sources */ = {isa = PBXBuildFile; fileRef = 769AEB3E287C4A1B00C697FC /* CommentsCell.swift */; };
		769AEB43287C85AC00C697FC /* CommentsViewModel.swift in Sources */ = {isa = PBXBuildFile; fileRef = 769AEB42287C85AC00C697FC /* CommentsViewModel.swift */; };
		76AC78342871D6C100D303C4 /* HomeViewModel.swift in Sources */ = {isa = PBXBuildFile; fileRef = 76AC78332871D6C100D303C4 /* HomeViewModel.swift */; };
		76AC78362871FF1900D303C4 /* UIViewController++Extensions.swift in Sources */ = {isa = PBXBuildFile; fileRef = 76AC78352871FF1900D303C4 /* UIViewController++Extensions.swift */; };
		76AC78382872053100D303C4 /* AlertView.swift in Sources */ = {isa = PBXBuildFile; fileRef = 76AC78372872053100D303C4 /* AlertView.swift */; };
		76AC783A28720B6C00D303C4 /* AlertViewController.swift in Sources */ = {isa = PBXBuildFile; fileRef = 76AC783928720B6C00D303C4 /* AlertViewController.swift */; };
		76AC783C28721D0400D303C4 /* Alert.swift in Sources */ = {isa = PBXBuildFile; fileRef = 76AC783B28721D0400D303C4 /* Alert.swift */; };
		76AC783E2872D7FB00D303C4 /* TwoOptionsActionSheetView.swift in Sources */ = {isa = PBXBuildFile; fileRef = 76AC783D2872D7FB00D303C4 /* TwoOptionsActionSheetView.swift */; };
		76AC78402872DF9300D303C4 /* OneOptionActionSheetView.swift in Sources */ = {isa = PBXBuildFile; fileRef = 76AC783F2872DF9300D303C4 /* OneOptionActionSheetView.swift */; };
		76AC78422872E02500D303C4 /* ActionSheetViewController.swift in Sources */ = {isa = PBXBuildFile; fileRef = 76AC78412872E02500D303C4 /* ActionSheetViewController.swift */; };
		76AC78442872E14A00D303C4 /* ActionSheet.swift in Sources */ = {isa = PBXBuildFile; fileRef = 76AC78432872E14A00D303C4 /* ActionSheet.swift */; };
		76E96489286B6F4700D5299A /* UIImage++Extensions.swift in Sources */ = {isa = PBXBuildFile; fileRef = 76E96488286B6F4700D5299A /* UIImage++Extensions.swift */; };
		76E9648B286B8F6400D5299A /* UI.swift in Sources */ = {isa = PBXBuildFile; fileRef = 76E9648A286B8F6400D5299A /* UI.swift */; };
		76FCB543286B955F00AC4F70 /* Colors++Extensions.swift in Sources */ = {isa = PBXBuildFile; fileRef = 76FCB542286B955F00AC4F70 /* Colors++Extensions.swift */; };
		76FCB545286C253900AC4F70 /* EventDetailViewController.swift in Sources */ = {isa = PBXBuildFile; fileRef = 76FCB544286C253900AC4F70 /* EventDetailViewController.swift */; };
		76FCB547286C254B00AC4F70 /* EventDetailView.swift in Sources */ = {isa = PBXBuildFile; fileRef = 76FCB546286C254B00AC4F70 /* EventDetailView.swift */; };
		76FCB54C286C35DE00AC4F70 /* DetailLabel.swift in Sources */ = {isa = PBXBuildFile; fileRef = 76FCB54B286C35DE00AC4F70 /* DetailLabel.swift */; };
		76FCB54E286CA16700AC4F70 /* UILabel++Extensions.swift in Sources */ = {isa = PBXBuildFile; fileRef = 76FCB54D286CA16700AC4F70 /* UILabel++Extensions.swift */; };
		C121D76BA9F2532F8061C2E1 /* Pods_Uniletter.framework in Frameworks */ = {isa = PBXBuildFile; fileRef = 4B9E2AEF628539C36D2C3D4F /* Pods_Uniletter.framework */; };
/* End PBXBuildFile section */

/* Begin PBXFileReference section */
		2C0DBE552880099E004A933A /* SaveListViewController.swift */ = {isa = PBXFileReference; lastKnownFileType = sourcecode.swift; path = SaveListViewController.swift; sourceTree = "<group>"; };
		2C0DBE5728800A29004A933A /* SaveListCell.swift */ = {isa = PBXFileReference; lastKnownFileType = sourcecode.swift; path = SaveListCell.swift; sourceTree = "<group>"; };
		2C0DBE5928800B29004A933A /* MyEventView.swift */ = {isa = PBXFileReference; lastKnownFileType = sourcecode.swift; path = MyEventView.swift; sourceTree = "<group>"; };
		2C0DBE5B28801484004A933A /* SaveListViewModel.swift */ = {isa = PBXFileReference; lastKnownFileType = sourcecode.swift; path = SaveListViewModel.swift; sourceTree = "<group>"; };
		2C0DBE5D28813FC3004A933A /* NotiListVIewController.swift */ = {isa = PBXFileReference; lastKnownFileType = sourcecode.swift; path = NotiListVIewController.swift; sourceTree = "<group>"; };
		2C0DBE5F288140FD004A933A /* NotiListCell.swift */ = {isa = PBXFileReference; lastKnownFileType = sourcecode.swift; path = NotiListCell.swift; sourceTree = "<group>"; };
		2C0DBE6128814308004A933A /* NotiViewModel.swift */ = {isa = PBXFileReference; lastKnownFileType = sourcecode.swift; path = NotiViewModel.swift; sourceTree = "<group>"; };
		2C0DBE632881507A004A933A /* Notification.swift */ = {isa = PBXFileReference; lastKnownFileType = sourcecode.swift; path = Notification.swift; sourceTree = "<group>"; };
		2C0DBE652881591B004A933A /* NoticeAlertView.swift */ = {isa = PBXFileReference; lastKnownFileType = sourcecode.swift; path = NoticeAlertView.swift; sourceTree = "<group>"; };
		2C0DBE6728815CA6004A933A /* NoticeAlertViewController.swift */ = {isa = PBXFileReference; lastKnownFileType = sourcecode.swift; path = NoticeAlertViewController.swift; sourceTree = "<group>"; };
		2C0DBE69288192E5004A933A /* BlockListViewController.swift */ = {isa = PBXFileReference; lastKnownFileType = sourcecode.swift; path = BlockListViewController.swift; sourceTree = "<group>"; };
		2C0DBE6B2881A13E004A933A /* BlockListViewModel.swift */ = {isa = PBXFileReference; lastKnownFileType = sourcecode.swift; path = BlockListViewModel.swift; sourceTree = "<group>"; };
		2C0DBE6D2881A158004A933A /* BlockListCell.swift */ = {isa = PBXFileReference; lastKnownFileType = sourcecode.swift; path = BlockListCell.swift; sourceTree = "<group>"; };
		2C0DBE6F2881AC5B004A933A /* Block.swift */ = {isa = PBXFileReference; lastKnownFileType = sourcecode.swift; path = Block.swift; sourceTree = "<group>"; };
		2C80F387286D997300ECAB60 /* MyPageViewModel.swift */ = {isa = PBXFileReference; lastKnownFileType = sourcecode.swift; path = MyPageViewModel.swift; sourceTree = "<group>"; };
		2C80F38A286DA01500ECAB60 /* MyPageCell.swift */ = {isa = PBXFileReference; lastKnownFileType = sourcecode.swift; path = MyPageCell.swift; sourceTree = "<group>"; };
		2C80F390286DE20000ECAB60 /* MyPageSectionView.swift */ = {isa = PBXFileReference; lastKnownFileType = sourcecode.swift; path = MyPageSectionView.swift; sourceTree = "<group>"; };
		2CB69D0A287443870089A922 /* MeInfo.swift */ = {isa = PBXFileReference; lastKnownFileType = sourcecode.swift; path = MeInfo.swift; sourceTree = "<group>"; };
		2CB69D0C287456C60089A922 /* ChangeViewController.swift */ = {isa = PBXFileReference; lastKnownFileType = sourcecode.swift; path = ChangeViewController.swift; sourceTree = "<group>"; };
		2CB8AA2F2878384300BDA358 /* MyCommentViewController.swift */ = {isa = PBXFileReference; lastKnownFileType = sourcecode.swift; path = MyCommentViewController.swift; sourceTree = "<group>"; };
		2CB8AA31287838EE00BDA358 /* MyEventCell.swift */ = {isa = PBXFileReference; lastKnownFileType = sourcecode.swift; path = MyEventCell.swift; sourceTree = "<group>"; };
		2CB8AA3328787D3900BDA358 /* MyCommentViewModel.swift */ = {isa = PBXFileReference; lastKnownFileType = sourcecode.swift; path = MyCommentViewModel.swift; sourceTree = "<group>"; };
		2CB8AAA5287E918500BDA358 /* BaseURL.swift */ = {isa = PBXFileReference; lastKnownFileType = sourcecode.swift; path = BaseURL.swift; sourceTree = "<group>"; };
		2CB8AAA7287EA34400BDA358 /* MyEventViewController.swift */ = {isa = PBXFileReference; lastKnownFileType = sourcecode.swift; path = MyEventViewController.swift; sourceTree = "<group>"; };
		2CB8AAA9287EA7A200BDA358 /* MyEventViewModel.swift */ = {isa = PBXFileReference; lastKnownFileType = sourcecode.swift; path = MyEventViewModel.swift; sourceTree = "<group>"; };
		2CB8AAAB287EAE5400BDA358 /* PrivacyPolicyViewController.swift */ = {isa = PBXFileReference; lastKnownFileType = sourcecode.swift; path = PrivacyPolicyViewController.swift; sourceTree = "<group>"; };
		2CB8AAAD287EAEA700BDA358 /* PrivacyPolicyViewModel.swift */ = {isa = PBXFileReference; lastKnownFileType = sourcecode.swift; path = PrivacyPolicyViewModel.swift; sourceTree = "<group>"; };
		2CB8AAAF287F1EDA00BDA358 /* Topic.swift */ = {isa = PBXFileReference; lastKnownFileType = sourcecode.swift; path = Topic.swift; sourceTree = "<group>"; };
		4B9E2AEF628539C36D2C3D4F /* Pods_Uniletter.framework */ = {isa = PBXFileReference; explicitFileType = wrapper.framework; includeInIndex = 0; path = Pods_Uniletter.framework; sourceTree = BUILT_PRODUCTS_DIR; };
		6F1F5DD4E8EBAC5709B4DC60 /* Pods-Uniletter.debug.xcconfig */ = {isa = PBXFileReference; includeInIndex = 1; lastKnownFileType = text.xcconfig; name = "Pods-Uniletter.debug.xcconfig"; path = "Target Support Files/Pods-Uniletter/Pods-Uniletter.debug.xcconfig"; sourceTree = "<group>"; };
		7616B812286B50A000935257 /* MyPageViewController.swift */ = {isa = PBXFileReference; lastKnownFileType = sourcecode.swift; path = MyPageViewController.swift; sourceTree = "<group>"; };
		764386632874021600375CE6 /* LoginManager.swift */ = {isa = PBXFileReference; lastKnownFileType = sourcecode.swift; path = LoginManager.swift; sourceTree = "<group>"; };
		765BC9F92868C00C0098BBF2 /* Uniletter.app */ = {isa = PBXFileReference; explicitFileType = wrapper.application; includeInIndex = 0; path = Uniletter.app; sourceTree = BUILT_PRODUCTS_DIR; };
		765BC9FC2868C00C0098BBF2 /* AppDelegate.swift */ = {isa = PBXFileReference; lastKnownFileType = sourcecode.swift; path = AppDelegate.swift; sourceTree = "<group>"; };
		765BC9FE2868C00C0098BBF2 /* SceneDelegate.swift */ = {isa = PBXFileReference; lastKnownFileType = sourcecode.swift; path = SceneDelegate.swift; sourceTree = "<group>"; };
		765BCA002868C00C0098BBF2 /* LaunchViewController.swift */ = {isa = PBXFileReference; lastKnownFileType = sourcecode.swift; path = LaunchViewController.swift; sourceTree = "<group>"; };
		765BCA032868C00C0098BBF2 /* Base */ = {isa = PBXFileReference; lastKnownFileType = file.storyboard; name = Base; path = Base.lproj/Main.storyboard; sourceTree = "<group>"; };
		765BCA052868C0110098BBF2 /* Assets.xcassets */ = {isa = PBXFileReference; lastKnownFileType = folder.assetcatalog; path = Assets.xcassets; sourceTree = "<group>"; };
		765BCA082868C0110098BBF2 /* Base */ = {isa = PBXFileReference; lastKnownFileType = file.storyboard; name = Base; path = Base.lproj/LaunchScreen.storyboard; sourceTree = "<group>"; };
		765BCA0A2868C0110098BBF2 /* Info.plist */ = {isa = PBXFileReference; lastKnownFileType = text.plist.xml; path = Info.plist; sourceTree = "<group>"; };
		765BCA112868CA1B0098BBF2 /* LoginViewController.swift */ = {isa = PBXFileReference; lastKnownFileType = sourcecode.swift; path = LoginViewController.swift; sourceTree = "<group>"; };
		765DCDB02868DBF800961EA8 /* HomeViewController.swift */ = {isa = PBXFileReference; lastKnownFileType = sourcecode.swift; path = HomeViewController.swift; sourceTree = "<group>"; };
		765DCDB22868DCD300961EA8 /* HomeView.swift */ = {isa = PBXFileReference; lastKnownFileType = sourcecode.swift; path = HomeView.swift; sourceTree = "<group>"; };
		766F384B2872FC3900EC9593 /* NewNoticeViewController.swift */ = {isa = PBXFileReference; lastKnownFileType = sourcecode.swift; path = NewNoticeViewController.swift; sourceTree = "<group>"; };
		766F384C2872FC3900EC9593 /* NewNoticeCell.swift */ = {isa = PBXFileReference; lastKnownFileType = sourcecode.swift; path = NewNoticeCell.swift; sourceTree = "<group>"; };
		766F384D2872FC3900EC9593 /* NewNoticeViewModel.swift */ = {isa = PBXFileReference; lastKnownFileType = sourcecode.swift; path = NewNoticeViewModel.swift; sourceTree = "<group>"; };
		766F385228733E3200EC9593 /* LoginInfo.swift */ = {isa = PBXFileReference; lastKnownFileType = sourcecode.swift; path = LoginInfo.swift; sourceTree = "<group>"; };
		7681D56F28698EC60081C644 /* HomeCell.swift */ = {isa = PBXFileReference; lastKnownFileType = sourcecode.swift; path = HomeCell.swift; sourceTree = "<group>"; };
		7681D5742869AD780081C644 /* UlButton++Extensions.swift */ = {isa = PBXFileReference; lastKnownFileType = sourcecode.swift; path = "UlButton++Extensions.swift"; sourceTree = "<group>"; };
		7681D5792869D2300081C644 /* Address.swift */ = {isa = PBXFileReference; lastKnownFileType = sourcecode.swift; path = Address.swift; sourceTree = "<group>"; };
		7681D57C2869ECDF0081C644 /* Event.swift */ = {isa = PBXFileReference; lastKnownFileType = sourcecode.swift; path = Event.swift; sourceTree = "<group>"; };
		7681D57F2869F1870081C644 /* HomeCellView.swift */ = {isa = PBXFileReference; lastKnownFileType = sourcecode.swift; path = HomeCellView.swift; sourceTree = "<group>"; };
		7681D5812869F46A0081C644 /* ServiceAPI.swift */ = {isa = PBXFileReference; lastKnownFileType = sourcecode.swift; path = ServiceAPI.swift; sourceTree = "<group>"; };
		7681D583286A09DD0081C644 /* EventDetailViewModel.swift */ = {isa = PBXFileReference; lastKnownFileType = sourcecode.swift; path = EventDetailViewModel.swift; sourceTree = "<group>"; };
		7681D589286A29970081C644 /* DateFormatter.swift */ = {isa = PBXFileReference; lastKnownFileType = sourcecode.swift; path = DateFormatter.swift; sourceTree = "<group>"; };
		769AEB38287C25CE00C697FC /* CommentsViewController.swift */ = {isa = PBXFileReference; lastKnownFileType = sourcecode.swift; path = CommentsViewController.swift; sourceTree = "<group>"; };
		769AEB3A287C267300C697FC /* CommentsView.swift */ = {isa = PBXFileReference; lastKnownFileType = sourcecode.swift; path = CommentsView.swift; sourceTree = "<group>"; };
		769AEB3C287C271E00C697FC /* Comment.swift */ = {isa = PBXFileReference; lastKnownFileType = sourcecode.swift; path = Comment.swift; sourceTree = "<group>"; };
		769AEB3E287C4A1B00C697FC /* CommentsCell.swift */ = {isa = PBXFileReference; lastKnownFileType = sourcecode.swift; path = CommentsCell.swift; sourceTree = "<group>"; };
		769AEB42287C85AC00C697FC /* CommentsViewModel.swift */ = {isa = PBXFileReference; lastKnownFileType = sourcecode.swift; path = CommentsViewModel.swift; sourceTree = "<group>"; };
		76AC78332871D6C100D303C4 /* HomeViewModel.swift */ = {isa = PBXFileReference; lastKnownFileType = sourcecode.swift; path = HomeViewModel.swift; sourceTree = "<group>"; };
		76AC78352871FF1900D303C4 /* UIViewController++Extensions.swift */ = {isa = PBXFileReference; lastKnownFileType = sourcecode.swift; path = "UIViewController++Extensions.swift"; sourceTree = "<group>"; };
		76AC78372872053100D303C4 /* AlertView.swift */ = {isa = PBXFileReference; lastKnownFileType = sourcecode.swift; path = AlertView.swift; sourceTree = "<group>"; };
		76AC783928720B6C00D303C4 /* AlertViewController.swift */ = {isa = PBXFileReference; lastKnownFileType = sourcecode.swift; path = AlertViewController.swift; sourceTree = "<group>"; };
		76AC783B28721D0400D303C4 /* Alert.swift */ = {isa = PBXFileReference; lastKnownFileType = sourcecode.swift; path = Alert.swift; sourceTree = "<group>"; };
		76AC783D2872D7FB00D303C4 /* TwoOptionsActionSheetView.swift */ = {isa = PBXFileReference; lastKnownFileType = sourcecode.swift; path = TwoOptionsActionSheetView.swift; sourceTree = "<group>"; };
		76AC783F2872DF9300D303C4 /* OneOptionActionSheetView.swift */ = {isa = PBXFileReference; lastKnownFileType = sourcecode.swift; path = OneOptionActionSheetView.swift; sourceTree = "<group>"; };
		76AC78412872E02500D303C4 /* ActionSheetViewController.swift */ = {isa = PBXFileReference; lastKnownFileType = sourcecode.swift; path = ActionSheetViewController.swift; sourceTree = "<group>"; };
		76AC78432872E14A00D303C4 /* ActionSheet.swift */ = {isa = PBXFileReference; lastKnownFileType = sourcecode.swift; path = ActionSheet.swift; sourceTree = "<group>"; };
		76E96488286B6F4700D5299A /* UIImage++Extensions.swift */ = {isa = PBXFileReference; lastKnownFileType = sourcecode.swift; path = "UIImage++Extensions.swift"; sourceTree = "<group>"; };
		76E9648A286B8F6400D5299A /* UI.swift */ = {isa = PBXFileReference; lastKnownFileType = sourcecode.swift; path = UI.swift; sourceTree = "<group>"; };
		76FCB542286B955F00AC4F70 /* Colors++Extensions.swift */ = {isa = PBXFileReference; lastKnownFileType = sourcecode.swift; path = "Colors++Extensions.swift"; sourceTree = "<group>"; };
		76FCB544286C253900AC4F70 /* EventDetailViewController.swift */ = {isa = PBXFileReference; lastKnownFileType = sourcecode.swift; path = EventDetailViewController.swift; sourceTree = "<group>"; };
		76FCB546286C254B00AC4F70 /* EventDetailView.swift */ = {isa = PBXFileReference; lastKnownFileType = sourcecode.swift; path = EventDetailView.swift; sourceTree = "<group>"; };
		76FCB54B286C35DE00AC4F70 /* DetailLabel.swift */ = {isa = PBXFileReference; lastKnownFileType = sourcecode.swift; path = DetailLabel.swift; sourceTree = "<group>"; };
		76FCB54D286CA16700AC4F70 /* UILabel++Extensions.swift */ = {isa = PBXFileReference; lastKnownFileType = sourcecode.swift; path = "UILabel++Extensions.swift"; sourceTree = "<group>"; };
		88AC0E121F52EB04C04A31F4 /* Pods-Uniletter.release.xcconfig */ = {isa = PBXFileReference; includeInIndex = 1; lastKnownFileType = text.xcconfig; name = "Pods-Uniletter.release.xcconfig"; path = "Target Support Files/Pods-Uniletter/Pods-Uniletter.release.xcconfig"; sourceTree = "<group>"; };
/* End PBXFileReference section */

/* Begin PBXFrameworksBuildPhase section */
		765BC9F62868C00C0098BBF2 /* Frameworks */ = {
			isa = PBXFrameworksBuildPhase;
			buildActionMask = 2147483647;
			files = (
				C121D76BA9F2532F8061C2E1 /* Pods_Uniletter.framework in Frameworks */,
			);
			runOnlyForDeploymentPostprocessing = 0;
		};
/* End PBXFrameworksBuildPhase section */

/* Begin PBXGroup section */
		2C80F389286D9FF800ECAB60 /* MyPage */ = {
			isa = PBXGroup;
			children = (
				766F384C2872FC3900EC9593 /* NewNoticeCell.swift */,
				766F384B2872FC3900EC9593 /* NewNoticeViewController.swift */,
				766F384D2872FC3900EC9593 /* NewNoticeViewModel.swift */,
				2C80F387286D997300ECAB60 /* MyPageViewModel.swift */,
				2C80F38A286DA01500ECAB60 /* MyPageCell.swift */,
				2C80F390286DE20000ECAB60 /* MyPageSectionView.swift */,
				2CB69D0A287443870089A922 /* MeInfo.swift */,
				2CB69D0C287456C60089A922 /* ChangeViewController.swift */,
				2CB8AA2F2878384300BDA358 /* MyCommentViewController.swift */,
				2CB8AA31287838EE00BDA358 /* MyEventCell.swift */,
				2CB8AA3328787D3900BDA358 /* MyCommentViewModel.swift */,
				2CB8AAA7287EA34400BDA358 /* MyEventViewController.swift */,
				2CB8AAA9287EA7A200BDA358 /* MyEventViewModel.swift */,
				2CB8AAAB287EAE5400BDA358 /* PrivacyPolicyViewController.swift */,
				2CB8AAAD287EAEA700BDA358 /* PrivacyPolicyViewModel.swift */,
				2CB8AAAF287F1EDA00BDA358 /* Topic.swift */,
				2C0DBE552880099E004A933A /* SaveListViewController.swift */,
				2C0DBE5728800A29004A933A /* SaveListCell.swift */,
				2C0DBE5B28801484004A933A /* SaveListViewModel.swift */,
				2C0DBE5928800B29004A933A /* MyEventView.swift */,
				2C0DBE5D28813FC3004A933A /* NotiListVIewController.swift */,
				2C0DBE5F288140FD004A933A /* NotiListCell.swift */,
				2C0DBE6128814308004A933A /* NotiViewModel.swift */,
				2C0DBE632881507A004A933A /* Notification.swift */,
				2C0DBE69288192E5004A933A /* BlockListViewController.swift */,
				2C0DBE6D2881A158004A933A /* BlockListCell.swift */,
				2C0DBE6B2881A13E004A933A /* BlockListViewModel.swift */,
				2C0DBE6F2881AC5B004A933A /* Block.swift */,
			);
			path = MyPage;
			sourceTree = "<group>";
		};
		36F4336931E7A0D725AE126A /* Frameworks */ = {
			isa = PBXGroup;
			children = (
				4B9E2AEF628539C36D2C3D4F /* Pods_Uniletter.framework */,
			);
			name = Frameworks;
			sourceTree = "<group>";
		};
		764386622874020100375CE6 /* Managers */ = {
			isa = PBXGroup;
			children = (
				764386632874021600375CE6 /* LoginManager.swift */,
			);
			path = Managers;
			sourceTree = "<group>";
		};
		765BC9F02868C00C0098BBF2 = {
			isa = PBXGroup;
			children = (
				765BC9FB2868C00C0098BBF2 /* Uniletter */,
				765BC9FA2868C00C0098BBF2 /* Products */,
				B02123CBA263BFA8ADC1249E /* Pods */,
				36F4336931E7A0D725AE126A /* Frameworks */,
			);
			sourceTree = "<group>";
		};
		765BC9FA2868C00C0098BBF2 /* Products */ = {
			isa = PBXGroup;
			children = (
				765BC9F92868C00C0098BBF2 /* Uniletter.app */,
			);
			name = Products;
			sourceTree = "<group>";
		};
		765BC9FB2868C00C0098BBF2 /* Uniletter */ = {
			isa = PBXGroup;
			children = (
				765BCA172868CAA60098BBF2 /* Supporting Files */,
				765BCA152868CA7C0098BBF2 /* Resources */,
				765BCA162868CA840098BBF2 /* Sources */,
			);
			path = Uniletter;
			sourceTree = "<group>";
		};
		765BCA132868CA200098BBF2 /* Controllers */ = {
			isa = PBXGroup;
			children = (
				765BCA002868C00C0098BBF2 /* LaunchViewController.swift */,
				765BCA112868CA1B0098BBF2 /* LoginViewController.swift */,
				765DCDB02868DBF800961EA8 /* HomeViewController.swift */,
				7616B812286B50A000935257 /* MyPageViewController.swift */,
				76FCB544286C253900AC4F70 /* EventDetailViewController.swift */,
				76AC783928720B6C00D303C4 /* AlertViewController.swift */,
				76AC78412872E02500D303C4 /* ActionSheetViewController.swift */,
				2C0DBE6728815CA6004A933A /* NoticeAlertViewController.swift */,
			);
			path = Controllers;
			sourceTree = "<group>";
		};
		765BCA142868CA240098BBF2 /* Views */ = {
			isa = PBXGroup;
			children = (
				765DCDB22868DCD300961EA8 /* HomeView.swift */,
				7681D57F2869F1870081C644 /* HomeCellView.swift */,
				76FCB546286C254B00AC4F70 /* EventDetailView.swift */,
				76AC78372872053100D303C4 /* AlertView.swift */,
				76AC783D2872D7FB00D303C4 /* TwoOptionsActionSheetView.swift */,
				76AC783F2872DF9300D303C4 /* OneOptionActionSheetView.swift */,
				2C0DBE652881591B004A933A /* NoticeAlertView.swift */,
			);
			path = Views;
			sourceTree = "<group>";
		};
		765BCA152868CA7C0098BBF2 /* Resources */ = {
			isa = PBXGroup;
			children = (
				765BCA022868C00C0098BBF2 /* Main.storyboard */,
				765BCA072868C0110098BBF2 /* LaunchScreen.storyboard */,
				765BCA052868C0110098BBF2 /* Assets.xcassets */,
			);
			path = Resources;
			sourceTree = "<group>";
		};
		765BCA162868CA840098BBF2 /* Sources */ = {
			isa = PBXGroup;
			children = (
				764386622874020100375CE6 /* Managers */,
				2C80F389286D9FF800ECAB60 /* MyPage */,
				76FCB54A286C35AD00AC4F70 /* CustomUI */,
				7681D588286A297F0081C644 /* Utilities */,
				7681D57E2869F0E50081C644 /* ViewModels */,
				7681D57B2869ECC20081C644 /* Models */,
				7681D5782869D2220081C644 /* Networking */,
				7681D571286993590081C644 /* Extensions */,
				7681D56E28698E890081C644 /* Cells */,
				765BCA142868CA240098BBF2 /* Views */,
				765BCA132868CA200098BBF2 /* Controllers */,
				769AEB37287C256B00C697FC /* Comments */,
				765BC9FC2868C00C0098BBF2 /* AppDelegate.swift */,
				765BC9FE2868C00C0098BBF2 /* SceneDelegate.swift */,
			);
			path = Sources;
			sourceTree = "<group>";
		};
		765BCA172868CAA60098BBF2 /* Supporting Files */ = {
			isa = PBXGroup;
			children = (
				765BCA0A2868C0110098BBF2 /* Info.plist */,
			);
			path = "Supporting Files";
			sourceTree = "<group>";
		};
		7681D56E28698E890081C644 /* Cells */ = {
			isa = PBXGroup;
			children = (
				7681D56F28698EC60081C644 /* HomeCell.swift */,
			);
			path = Cells;
			sourceTree = "<group>";
		};
		7681D571286993590081C644 /* Extensions */ = {
			isa = PBXGroup;
			children = (
				7681D5742869AD780081C644 /* UlButton++Extensions.swift */,
				76E96488286B6F4700D5299A /* UIImage++Extensions.swift */,
				76FCB542286B955F00AC4F70 /* Colors++Extensions.swift */,
				76FCB54D286CA16700AC4F70 /* UILabel++Extensions.swift */,
				76AC78352871FF1900D303C4 /* UIViewController++Extensions.swift */,
			);
			path = Extensions;
			sourceTree = "<group>";
		};
		7681D5782869D2220081C644 /* Networking */ = {
			isa = PBXGroup;
			children = (
				7681D5792869D2300081C644 /* Address.swift */,
				7681D5812869F46A0081C644 /* ServiceAPI.swift */,
				2CB8AAA5287E918500BDA358 /* BaseURL.swift */,
			);
			path = Networking;
			sourceTree = "<group>";
		};
		7681D57B2869ECC20081C644 /* Models */ = {
			isa = PBXGroup;
			children = (
				769AEB3C287C271E00C697FC /* Comment.swift */,
				7681D57C2869ECDF0081C644 /* Event.swift */,
				766F385228733E3200EC9593 /* LoginInfo.swift */,
			);
			path = Models;
			sourceTree = "<group>";
		};
		7681D57E2869F0E50081C644 /* ViewModels */ = {
			isa = PBXGroup;
			children = (
				76AC78332871D6C100D303C4 /* HomeViewModel.swift */,
				7681D583286A09DD0081C644 /* EventDetailViewModel.swift */,
			);
			path = ViewModels;
			sourceTree = "<group>";
		};
		7681D588286A297F0081C644 /* Utilities */ = {
			isa = PBXGroup;
			children = (
				76AC783B28721D0400D303C4 /* Alert.swift */,
				76AC78432872E14A00D303C4 /* ActionSheet.swift */,
				7681D589286A29970081C644 /* DateFormatter.swift */,
				76E9648A286B8F6400D5299A /* UI.swift */,
			);
			path = Utilities;
			sourceTree = "<group>";
		};
		769AEB37287C256B00C697FC /* Comments */ = {
			isa = PBXGroup;
			children = (
				769AEB3A287C267300C697FC /* CommentsView.swift */,
				769AEB38287C25CE00C697FC /* CommentsViewController.swift */,
				769AEB3E287C4A1B00C697FC /* CommentsCell.swift */,
				769AEB42287C85AC00C697FC /* CommentsViewModel.swift */,
			);
			path = Comments;
			sourceTree = "<group>";
		};
		76FCB54A286C35AD00AC4F70 /* CustomUI */ = {
			isa = PBXGroup;
			children = (
				76FCB54B286C35DE00AC4F70 /* DetailLabel.swift */,
			);
			path = CustomUI;
			sourceTree = "<group>";
		};
		B02123CBA263BFA8ADC1249E /* Pods */ = {
			isa = PBXGroup;
			children = (
				6F1F5DD4E8EBAC5709B4DC60 /* Pods-Uniletter.debug.xcconfig */,
				88AC0E121F52EB04C04A31F4 /* Pods-Uniletter.release.xcconfig */,
			);
			path = Pods;
			sourceTree = "<group>";
		};
/* End PBXGroup section */

/* Begin PBXNativeTarget section */
		765BC9F82868C00C0098BBF2 /* Uniletter */ = {
			isa = PBXNativeTarget;
			buildConfigurationList = 765BCA0D2868C0110098BBF2 /* Build configuration list for PBXNativeTarget "Uniletter" */;
			buildPhases = (
				E5007FD8846C05C815AD03CD /* [CP] Check Pods Manifest.lock */,
				765BC9F52868C00C0098BBF2 /* Sources */,
				765BC9F62868C00C0098BBF2 /* Frameworks */,
				765BC9F72868C00C0098BBF2 /* Resources */,
				6D3172FB32712C54A9A220BB /* [CP] Embed Pods Frameworks */,
			);
			buildRules = (
			);
			dependencies = (
			);
			name = Uniletter;
			productName = Uniletter;
			productReference = 765BC9F92868C00C0098BBF2 /* Uniletter.app */;
			productType = "com.apple.product-type.application";
		};
/* End PBXNativeTarget section */

/* Begin PBXProject section */
		765BC9F12868C00C0098BBF2 /* Project object */ = {
			isa = PBXProject;
			attributes = {
				BuildIndependentTargetsInParallel = 1;
				LastSwiftUpdateCheck = 1340;
				LastUpgradeCheck = 1340;
				TargetAttributes = {
					765BC9F82868C00C0098BBF2 = {
						CreatedOnToolsVersion = 13.4.1;
					};
				};
			};
			buildConfigurationList = 765BC9F42868C00C0098BBF2 /* Build configuration list for PBXProject "Uniletter" */;
			compatibilityVersion = "Xcode 13.0";
			developmentRegion = en;
			hasScannedForEncodings = 0;
			knownRegions = (
				en,
				Base,
			);
			mainGroup = 765BC9F02868C00C0098BBF2;
			productRefGroup = 765BC9FA2868C00C0098BBF2 /* Products */;
			projectDirPath = "";
			projectRoot = "";
			targets = (
				765BC9F82868C00C0098BBF2 /* Uniletter */,
			);
		};
/* End PBXProject section */

/* Begin PBXResourcesBuildPhase section */
		765BC9F72868C00C0098BBF2 /* Resources */ = {
			isa = PBXResourcesBuildPhase;
			buildActionMask = 2147483647;
			files = (
				765BCA092868C0110098BBF2 /* LaunchScreen.storyboard in Resources */,
				765BCA062868C0110098BBF2 /* Assets.xcassets in Resources */,
				765BCA042868C00C0098BBF2 /* Main.storyboard in Resources */,
			);
			runOnlyForDeploymentPostprocessing = 0;
		};
/* End PBXResourcesBuildPhase section */

/* Begin PBXShellScriptBuildPhase section */
		6D3172FB32712C54A9A220BB /* [CP] Embed Pods Frameworks */ = {
			isa = PBXShellScriptBuildPhase;
			buildActionMask = 2147483647;
			files = (
			);
			inputFileListPaths = (
				"${PODS_ROOT}/Target Support Files/Pods-Uniletter/Pods-Uniletter-frameworks-${CONFIGURATION}-input-files.xcfilelist",
			);
			name = "[CP] Embed Pods Frameworks";
			outputFileListPaths = (
				"${PODS_ROOT}/Target Support Files/Pods-Uniletter/Pods-Uniletter-frameworks-${CONFIGURATION}-output-files.xcfilelist",
			);
			runOnlyForDeploymentPostprocessing = 0;
			shellPath = /bin/sh;
			shellScript = "\"${PODS_ROOT}/Target Support Files/Pods-Uniletter/Pods-Uniletter-frameworks.sh\"\n";
			showEnvVarsInLog = 0;
		};
		E5007FD8846C05C815AD03CD /* [CP] Check Pods Manifest.lock */ = {
			isa = PBXShellScriptBuildPhase;
			buildActionMask = 2147483647;
			files = (
			);
			inputFileListPaths = (
			);
			inputPaths = (
				"${PODS_PODFILE_DIR_PATH}/Podfile.lock",
				"${PODS_ROOT}/Manifest.lock",
			);
			name = "[CP] Check Pods Manifest.lock";
			outputFileListPaths = (
			);
			outputPaths = (
				"$(DERIVED_FILE_DIR)/Pods-Uniletter-checkManifestLockResult.txt",
			);
			runOnlyForDeploymentPostprocessing = 0;
			shellPath = /bin/sh;
			shellScript = "diff \"${PODS_PODFILE_DIR_PATH}/Podfile.lock\" \"${PODS_ROOT}/Manifest.lock\" > /dev/null\nif [ $? != 0 ] ; then\n    # print error to STDERR\n    echo \"error: The sandbox is not in sync with the Podfile.lock. Run 'pod install' or update your CocoaPods installation.\" >&2\n    exit 1\nfi\n# This output is used by Xcode 'outputs' to avoid re-running this script phase.\necho \"SUCCESS\" > \"${SCRIPT_OUTPUT_FILE_0}\"\n";
			showEnvVarsInLog = 0;
		};
/* End PBXShellScriptBuildPhase section */

/* Begin PBXSourcesBuildPhase section */
		765BC9F52868C00C0098BBF2 /* Sources */ = {
			isa = PBXSourcesBuildPhase;
			buildActionMask = 2147483647;
			files = (
				766F38512872FDFF00EC9593 /* UlButton++Extensions.swift in Sources */,
				2C0DBE6E2881A158004A933A /* BlockListCell.swift in Sources */,
				769AEB3D287C271E00C697FC /* Comment.swift in Sources */,
				766F384E2872FC3900EC9593 /* NewNoticeViewController.swift in Sources */,
				766F384F2872FC3900EC9593 /* NewNoticeCell.swift in Sources */,
				2C0DBE6A288192E5004A933A /* BlockListViewController.swift in Sources */,
				2CB69D0D287456C60089A922 /* ChangeViewController.swift in Sources */,
				766F38502872FC3900EC9593 /* NewNoticeViewModel.swift in Sources */,
				2CB8AA32287838EE00BDA358 /* MyEventCell.swift in Sources */,
				7681D58A286A29970081C644 /* DateFormatter.swift in Sources */,
				2CB69D0B287443870089A922 /* MeInfo.swift in Sources */,
				769AEB39287C25CE00C697FC /* CommentsViewController.swift in Sources */,
				764386642874021600375CE6 /* LoginManager.swift in Sources */,
				76AC78442872E14A00D303C4 /* ActionSheet.swift in Sources */,
				76E9648B286B8F6400D5299A /* UI.swift in Sources */,
				769AEB3B287C267300C697FC /* CommentsView.swift in Sources */,
				766F385328733E3200EC9593 /* LoginInfo.swift in Sources */,
				76AC78342871D6C100D303C4 /* HomeViewModel.swift in Sources */,
				76AC78362871FF1900D303C4 /* UIViewController++Extensions.swift in Sources */,
				2C0DBE562880099E004A933A /* SaveListViewController.swift in Sources */,
				2CB8AAAE287EAEA700BDA358 /* PrivacyPolicyViewModel.swift in Sources */,
				76FCB54E286CA16700AC4F70 /* UILabel++Extensions.swift in Sources */,
				76AC78422872E02500D303C4 /* ActionSheetViewController.swift in Sources */,
				769AEB43287C85AC00C697FC /* CommentsViewModel.swift in Sources */,
				769AEB3F287C4A1B00C697FC /* CommentsCell.swift in Sources */,
				76AC78402872DF9300D303C4 /* OneOptionActionSheetView.swift in Sources */,
				7681D57D2869ECDF0081C644 /* Event.swift in Sources */,
				76AC783E2872D7FB00D303C4 /* TwoOptionsActionSheetView.swift in Sources */,
				765DCDB12868DBF800961EA8 /* HomeViewController.swift in Sources */,
				2C0DBE5A28800B29004A933A /* MyEventView.swift in Sources */,
				2C80F391286DE20000ECAB60 /* MyPageSectionView.swift in Sources */,
				76FCB545286C253900AC4F70 /* EventDetailViewController.swift in Sources */,
				76FCB543286B955F00AC4F70 /* Colors++Extensions.swift in Sources */,
				7681D5822869F46A0081C644 /* ServiceAPI.swift in Sources */,
				2CB8AAAA287EA7A200BDA358 /* MyEventViewModel.swift in Sources */,
				2CB8AA3428787D3900BDA358 /* MyCommentViewModel.swift in Sources */,
				76FCB54C286C35DE00AC4F70 /* DetailLabel.swift in Sources */,
				7681D57028698EC60081C644 /* HomeCell.swift in Sources */,
				2C0DBE5C28801484004A933A /* SaveListViewModel.swift in Sources */,
				2C0DBE6C2881A13E004A933A /* BlockListViewModel.swift in Sources */,
				2C0DBE662881591B004A933A /* NoticeAlertView.swift in Sources */,
				765BCA122868CA1B0098BBF2 /* LoginViewController.swift in Sources */,
				2C0DBE642881507A004A933A /* Notification.swift in Sources */,
				2C80F38B286DA01600ECAB60 /* MyPageCell.swift in Sources */,
				76AC783A28720B6C00D303C4 /* AlertViewController.swift in Sources */,
				7681D57A2869D2300081C644 /* Address.swift in Sources */,
				765BCA012868C00C0098BBF2 /* LaunchViewController.swift in Sources */,
				7616B813286B50A000935257 /* MyPageViewController.swift in Sources */,
				76AC783C28721D0400D303C4 /* Alert.swift in Sources */,
				2CB8AAA8287EA34400BDA358 /* MyEventViewController.swift in Sources */,
				2CB8AA302878384300BDA358 /* MyCommentViewController.swift in Sources */,
				2C0DBE5828800A29004A933A /* SaveListCell.swift in Sources */,
				76AC78382872053100D303C4 /* AlertView.swift in Sources */,
				2C0DBE5E28813FC3004A933A /* NotiListVIewController.swift in Sources */,
				765DCDB32868DCD300961EA8 /* HomeView.swift in Sources */,
				2CB8AAA6287E918500BDA358 /* BaseURL.swift in Sources */,
				2CB8AAB0287F1EDA00BDA358 /* Topic.swift in Sources */,
				2C0DBE60288140FD004A933A /* NotiListCell.swift in Sources */,
				7681D584286A09DD0081C644 /* EventDetailViewModel.swift in Sources */,
				76E96489286B6F4700D5299A /* UIImage++Extensions.swift in Sources */,
				765BC9FD2868C00C0098BBF2 /* AppDelegate.swift in Sources */,
				7681D5802869F1870081C644 /* HomeCellView.swift in Sources */,
				765BC9FF2868C00C0098BBF2 /* SceneDelegate.swift in Sources */,
				2CB8AAAC287EAE5400BDA358 /* PrivacyPolicyViewController.swift in Sources */,
				76FCB547286C254B00AC4F70 /* EventDetailView.swift in Sources */,
				2C0DBE6828815CA6004A933A /* NoticeAlertViewController.swift in Sources */,
				2C0DBE702881AC5B004A933A /* Block.swift in Sources */,
				2C0DBE6228814308004A933A /* NotiViewModel.swift in Sources */,
				2C80F388286D997300ECAB60 /* MyPageViewModel.swift in Sources */,
			);
			runOnlyForDeploymentPostprocessing = 0;
		};
/* End PBXSourcesBuildPhase section */

/* Begin PBXVariantGroup section */
		765BCA022868C00C0098BBF2 /* Main.storyboard */ = {
			isa = PBXVariantGroup;
			children = (
				765BCA032868C00C0098BBF2 /* Base */,
			);
			name = Main.storyboard;
			sourceTree = "<group>";
		};
		765BCA072868C0110098BBF2 /* LaunchScreen.storyboard */ = {
			isa = PBXVariantGroup;
			children = (
				765BCA082868C0110098BBF2 /* Base */,
			);
			name = LaunchScreen.storyboard;
			sourceTree = "<group>";
		};
/* End PBXVariantGroup section */

/* Begin XCBuildConfiguration section */
		765BCA0B2868C0110098BBF2 /* Debug */ = {
			isa = XCBuildConfiguration;
			buildSettings = {
				ALWAYS_SEARCH_USER_PATHS = NO;
				CLANG_ANALYZER_NONNULL = YES;
				CLANG_ANALYZER_NUMBER_OBJECT_CONVERSION = YES_AGGRESSIVE;
				CLANG_CXX_LANGUAGE_STANDARD = "gnu++17";
				CLANG_ENABLE_MODULES = YES;
				CLANG_ENABLE_OBJC_ARC = YES;
				CLANG_ENABLE_OBJC_WEAK = YES;
				CLANG_WARN_BLOCK_CAPTURE_AUTORELEASING = YES;
				CLANG_WARN_BOOL_CONVERSION = YES;
				CLANG_WARN_COMMA = YES;
				CLANG_WARN_CONSTANT_CONVERSION = YES;
				CLANG_WARN_DEPRECATED_OBJC_IMPLEMENTATIONS = YES;
				CLANG_WARN_DIRECT_OBJC_ISA_USAGE = YES_ERROR;
				CLANG_WARN_DOCUMENTATION_COMMENTS = YES;
				CLANG_WARN_EMPTY_BODY = YES;
				CLANG_WARN_ENUM_CONVERSION = YES;
				CLANG_WARN_INFINITE_RECURSION = YES;
				CLANG_WARN_INT_CONVERSION = YES;
				CLANG_WARN_NON_LITERAL_NULL_CONVERSION = YES;
				CLANG_WARN_OBJC_IMPLICIT_RETAIN_SELF = YES;
				CLANG_WARN_OBJC_LITERAL_CONVERSION = YES;
				CLANG_WARN_OBJC_ROOT_CLASS = YES_ERROR;
				CLANG_WARN_QUOTED_INCLUDE_IN_FRAMEWORK_HEADER = YES;
				CLANG_WARN_RANGE_LOOP_ANALYSIS = YES;
				CLANG_WARN_STRICT_PROTOTYPES = YES;
				CLANG_WARN_SUSPICIOUS_MOVE = YES;
				CLANG_WARN_UNGUARDED_AVAILABILITY = YES_AGGRESSIVE;
				CLANG_WARN_UNREACHABLE_CODE = YES;
				CLANG_WARN__DUPLICATE_METHOD_MATCH = YES;
				COPY_PHASE_STRIP = NO;
				DEBUG_INFORMATION_FORMAT = dwarf;
				ENABLE_STRICT_OBJC_MSGSEND = YES;
				ENABLE_TESTABILITY = YES;
				GCC_C_LANGUAGE_STANDARD = gnu11;
				GCC_DYNAMIC_NO_PIC = NO;
				GCC_NO_COMMON_BLOCKS = YES;
				GCC_OPTIMIZATION_LEVEL = 0;
				GCC_PREPROCESSOR_DEFINITIONS = (
					"DEBUG=1",
					"$(inherited)",
				);
				GCC_WARN_64_TO_32_BIT_CONVERSION = YES;
				GCC_WARN_ABOUT_RETURN_TYPE = YES_ERROR;
				GCC_WARN_UNDECLARED_SELECTOR = YES;
				GCC_WARN_UNINITIALIZED_AUTOS = YES_AGGRESSIVE;
				GCC_WARN_UNUSED_FUNCTION = YES;
				GCC_WARN_UNUSED_VARIABLE = YES;
				IPHONEOS_DEPLOYMENT_TARGET = 15.4;
				MTL_ENABLE_DEBUG_INFO = INCLUDE_SOURCE;
				MTL_FAST_MATH = YES;
				ONLY_ACTIVE_ARCH = YES;
				SDKROOT = iphoneos;
				SWIFT_ACTIVE_COMPILATION_CONDITIONS = DEBUG;
				SWIFT_OPTIMIZATION_LEVEL = "-Onone";
			};
			name = Debug;
		};
		765BCA0C2868C0110098BBF2 /* Release */ = {
			isa = XCBuildConfiguration;
			buildSettings = {
				ALWAYS_SEARCH_USER_PATHS = NO;
				CLANG_ANALYZER_NONNULL = YES;
				CLANG_ANALYZER_NUMBER_OBJECT_CONVERSION = YES_AGGRESSIVE;
				CLANG_CXX_LANGUAGE_STANDARD = "gnu++17";
				CLANG_ENABLE_MODULES = YES;
				CLANG_ENABLE_OBJC_ARC = YES;
				CLANG_ENABLE_OBJC_WEAK = YES;
				CLANG_WARN_BLOCK_CAPTURE_AUTORELEASING = YES;
				CLANG_WARN_BOOL_CONVERSION = YES;
				CLANG_WARN_COMMA = YES;
				CLANG_WARN_CONSTANT_CONVERSION = YES;
				CLANG_WARN_DEPRECATED_OBJC_IMPLEMENTATIONS = YES;
				CLANG_WARN_DIRECT_OBJC_ISA_USAGE = YES_ERROR;
				CLANG_WARN_DOCUMENTATION_COMMENTS = YES;
				CLANG_WARN_EMPTY_BODY = YES;
				CLANG_WARN_ENUM_CONVERSION = YES;
				CLANG_WARN_INFINITE_RECURSION = YES;
				CLANG_WARN_INT_CONVERSION = YES;
				CLANG_WARN_NON_LITERAL_NULL_CONVERSION = YES;
				CLANG_WARN_OBJC_IMPLICIT_RETAIN_SELF = YES;
				CLANG_WARN_OBJC_LITERAL_CONVERSION = YES;
				CLANG_WARN_OBJC_ROOT_CLASS = YES_ERROR;
				CLANG_WARN_QUOTED_INCLUDE_IN_FRAMEWORK_HEADER = YES;
				CLANG_WARN_RANGE_LOOP_ANALYSIS = YES;
				CLANG_WARN_STRICT_PROTOTYPES = YES;
				CLANG_WARN_SUSPICIOUS_MOVE = YES;
				CLANG_WARN_UNGUARDED_AVAILABILITY = YES_AGGRESSIVE;
				CLANG_WARN_UNREACHABLE_CODE = YES;
				CLANG_WARN__DUPLICATE_METHOD_MATCH = YES;
				COPY_PHASE_STRIP = NO;
				DEBUG_INFORMATION_FORMAT = "dwarf-with-dsym";
				ENABLE_NS_ASSERTIONS = NO;
				ENABLE_STRICT_OBJC_MSGSEND = YES;
				GCC_C_LANGUAGE_STANDARD = gnu11;
				GCC_NO_COMMON_BLOCKS = YES;
				GCC_WARN_64_TO_32_BIT_CONVERSION = YES;
				GCC_WARN_ABOUT_RETURN_TYPE = YES_ERROR;
				GCC_WARN_UNDECLARED_SELECTOR = YES;
				GCC_WARN_UNINITIALIZED_AUTOS = YES_AGGRESSIVE;
				GCC_WARN_UNUSED_FUNCTION = YES;
				GCC_WARN_UNUSED_VARIABLE = YES;
				IPHONEOS_DEPLOYMENT_TARGET = 15.4;
				MTL_ENABLE_DEBUG_INFO = NO;
				MTL_FAST_MATH = YES;
				SDKROOT = iphoneos;
				SWIFT_COMPILATION_MODE = wholemodule;
				SWIFT_OPTIMIZATION_LEVEL = "-O";
				VALIDATE_PRODUCT = YES;
			};
			name = Release;
		};
		765BCA0E2868C0110098BBF2 /* Debug */ = {
			isa = XCBuildConfiguration;
			baseConfigurationReference = 6F1F5DD4E8EBAC5709B4DC60 /* Pods-Uniletter.debug.xcconfig */;
			buildSettings = {
				ASSETCATALOG_COMPILER_APPICON_NAME = AppIcon;
				ASSETCATALOG_COMPILER_GLOBAL_ACCENT_COLOR_NAME = AccentColor;
				CODE_SIGN_STYLE = Automatic;
				CURRENT_PROJECT_VERSION = 1;
				DEVELOPMENT_TEAM = Y7PRM9H29K;
				GENERATE_INFOPLIST_FILE = YES;
				INFOPLIST_FILE = "Uniletter/Supporting Files/Info.plist";
				INFOPLIST_KEY_UIApplicationSupportsIndirectInputEvents = YES;
				INFOPLIST_KEY_UILaunchStoryboardName = LaunchScreen;
				INFOPLIST_KEY_UIMainStoryboardFile = Main;
				INFOPLIST_KEY_UISupportedInterfaceOrientations_iPad = "UIInterfaceOrientationPortrait UIInterfaceOrientationPortraitUpsideDown UIInterfaceOrientationLandscapeLeft UIInterfaceOrientationLandscapeRight";
				INFOPLIST_KEY_UISupportedInterfaceOrientations_iPhone = "UIInterfaceOrientationPortrait UIInterfaceOrientationLandscapeLeft UIInterfaceOrientationLandscapeRight";
				INFOPLIST_KEY_UIUserInterfaceStyle = Light;
				LD_RUNPATH_SEARCH_PATHS = (
					"$(inherited)",
					"@executable_path/Frameworks",
				);
				MARKETING_VERSION = 1.0;
				PRODUCT_BUNDLE_IDENTIFIER = com.INUAppCenter.Uniletter;
				PRODUCT_NAME = "$(TARGET_NAME)";
				SWIFT_EMIT_LOC_STRINGS = YES;
				SWIFT_VERSION = 5.0;
				TARGETED_DEVICE_FAMILY = "1,2";
			};
			name = Debug;
		};
		765BCA0F2868C0110098BBF2 /* Release */ = {
			isa = XCBuildConfiguration;
			baseConfigurationReference = 88AC0E121F52EB04C04A31F4 /* Pods-Uniletter.release.xcconfig */;
			buildSettings = {
				ASSETCATALOG_COMPILER_APPICON_NAME = AppIcon;
				ASSETCATALOG_COMPILER_GLOBAL_ACCENT_COLOR_NAME = AccentColor;
				CODE_SIGN_STYLE = Automatic;
				CURRENT_PROJECT_VERSION = 1;
				DEVELOPMENT_TEAM = Y7PRM9H29K;
				GENERATE_INFOPLIST_FILE = YES;
				INFOPLIST_FILE = "Uniletter/Supporting Files/Info.plist";
				INFOPLIST_KEY_UIApplicationSupportsIndirectInputEvents = YES;
				INFOPLIST_KEY_UILaunchStoryboardName = LaunchScreen;
				INFOPLIST_KEY_UIMainStoryboardFile = Main;
				INFOPLIST_KEY_UISupportedInterfaceOrientations_iPad = "UIInterfaceOrientationPortrait UIInterfaceOrientationPortraitUpsideDown UIInterfaceOrientationLandscapeLeft UIInterfaceOrientationLandscapeRight";
				INFOPLIST_KEY_UISupportedInterfaceOrientations_iPhone = "UIInterfaceOrientationPortrait UIInterfaceOrientationLandscapeLeft UIInterfaceOrientationLandscapeRight";
				INFOPLIST_KEY_UIUserInterfaceStyle = Light;
				LD_RUNPATH_SEARCH_PATHS = (
					"$(inherited)",
					"@executable_path/Frameworks",
				);
				MARKETING_VERSION = 1.0;
				PRODUCT_BUNDLE_IDENTIFIER = com.INUAppCenter.Uniletter;
				PRODUCT_NAME = "$(TARGET_NAME)";
				SWIFT_EMIT_LOC_STRINGS = YES;
				SWIFT_VERSION = 5.0;
				TARGETED_DEVICE_FAMILY = "1,2";
			};
			name = Release;
		};
/* End XCBuildConfiguration section */

/* Begin XCConfigurationList section */
		765BC9F42868C00C0098BBF2 /* Build configuration list for PBXProject "Uniletter" */ = {
			isa = XCConfigurationList;
			buildConfigurations = (
				765BCA0B2868C0110098BBF2 /* Debug */,
				765BCA0C2868C0110098BBF2 /* Release */,
			);
			defaultConfigurationIsVisible = 0;
			defaultConfigurationName = Release;
		};
		765BCA0D2868C0110098BBF2 /* Build configuration list for PBXNativeTarget "Uniletter" */ = {
			isa = XCConfigurationList;
			buildConfigurations = (
				765BCA0E2868C0110098BBF2 /* Debug */,
				765BCA0F2868C0110098BBF2 /* Release */,
			);
			defaultConfigurationIsVisible = 0;
			defaultConfigurationName = Release;
		};
/* End XCConfigurationList section */
	};
	rootObject = 765BC9F12868C00C0098BBF2 /* Project object */;
}
